
Microsoft Visual Studio Solution File, Format Version 12.00
# Visual Studio Version 17
VisualStudioVersion = 17.0.31919.166
MinimumVisualStudioVersion = 10.0.40219.1
Project("{2150E333-8FDC-42A3-9474-1A3956D46DE8}") = "Api", "Api", "{0DF0A6F9-9775-4AF4-83E4-05076A9FCD66}"
EndProject
Project("{2150E333-8FDC-42A3-9474-1A3956D46DE8}") = "Shared", "Shared", "{07CA307B-6E97-4ED5-A686-CCE0C9E041F2}"
EndProject
Project("{2150E333-8FDC-42A3-9474-1A3956D46DE8}") = "Common", "Common", "{CB4EDF31-6E31-4E8A-B75B-2A10261AE20B}"
EndProject
Project("{2150E333-8FDC-42A3-9474-1A3956D46DE8}") = "Infrastructure", "Infrastructure", "{091C8907-AB3F-4D97-BFB6-44F90A7CB8B1}"
EndProject
Project("{FAE04EC0-301F-11D3-BF4B-00C04F79EFBC}") = "Emite.Api", "Emite.Api\Emite.Api.csproj", "{1524961C-8A83-419B-82E7-EBECA821D962}"
EndProject
Project("{FAE04EC0-301F-11D3-BF4B-00C04F79EFBC}") = "Emite.Startup", "Emite.Startup\Emite.Startup.csproj", "{E4777C7C-E33B-441A-9DB5-882F45DB0BED}"
EndProject
Project("{FAE04EC0-301F-11D3-BF4B-00C04F79EFBC}") = "Emite.Base", "Emite.Base\Emite.Base.csproj", "{41EAC712-FEB6-48EC-A02B-5FD517757015}"
EndProject
Project("{FAE04EC0-301F-11D3-BF4B-00C04F79EFBC}") = "Emite.Infrastructure", "Emite.Infrastructure\Emite.Infrastructure.csproj", "{DFFD2F72-EA13-4790-BDD7-722290B488BF}"
EndProject
Project("{FAE04EC0-301F-11D3-BF4B-00C04F79EFBC}") = "Emite.Application", "Emite.Application\Emite.Application.csproj", "{C0428E66-3324-46C5-8330-2B91E13B4F68}"
EndProject
Project("{FAE04EC0-301F-11D3-BF4B-00C04F79EFBC}") = "Emite.Data", "Emite.Data\Emite.Data.csproj", "{686E7FD5-2867-44F4-9E71-D178355F089C}"
EndProject
Project("{FAE04EC0-301F-11D3-BF4B-00C04F79EFBC}") = "Emite.Domain", "Emite.Domain\Emite.Domain.csproj", "{BE383C30-4C29-4622-A2DE-D07B07F0ADA3}"
EndProject
Project("{2150E333-8FDC-42A3-9474-1A3956D46DE8}") = "Test", "Test", "{62DCAB63-8658-403E-93FD-49E120F35188}"
EndProject
Project("{FAE04EC0-301F-11D3-BF4B-00C04F79EFBC}") = "Emite.Api.Test", "Emite.Test\Emite.Api.Test.csproj", "{681B9D9E-66E9-489F-B02C-88BB8F653284}"
EndProject
Project("{FAE04EC0-301F-11D3-BF4B-00C04F79EFBC}") = "Emite.RateLimit", "Emite.RateLimit\Emite.RateLimit.csproj", "{FA32023D-43C9-429B-A5EA-1C22FC5CCDF6}"
EndProject
Project("{FAE04EC0-301F-11D3-BF4B-00C04F79EFBC}") = "Emite.SignalR", "Emite.SignalR\Emite.SignalR.csproj", "{C1DC49A3-89CC-47AE-8CEE-668CB8896D69}"
EndProject
Project("{FAE04EC0-301F-11D3-BF4B-00C04F79EFBC}") = "Emite.Routing", "Emite.CallRouting\Emite.Routing.csproj", "{F3164D96-DA1B-43BB-A47E-68909FD3C26F}"
EndProject
Global
	GlobalSection(SolutionConfigurationPlatforms) = preSolution
		Debug|Any CPU = Debug|Any CPU
		Release|Any CPU = Release|Any CPU
	EndGlobalSection
	GlobalSection(ProjectConfigurationPlatforms) = postSolution
		{1524961C-8A83-419B-82E7-EBECA821D962}.Debug|Any CPU.ActiveCfg = Debug|Any CPU
		{1524961C-8A83-419B-82E7-EBECA821D962}.Debug|Any CPU.Build.0 = Debug|Any CPU
		{1524961C-8A83-419B-82E7-EBECA821D962}.Release|Any CPU.ActiveCfg = Release|Any CPU
		{1524961C-8A83-419B-82E7-EBECA821D962}.Release|Any CPU.Build.0 = Release|Any CPU
		{E4777C7C-E33B-441A-9DB5-882F45DB0BED}.Debug|Any CPU.ActiveCfg = Debug|Any CPU
		{E4777C7C-E33B-441A-9DB5-882F45DB0BED}.Debug|Any CPU.Build.0 = Debug|Any CPU
		{E4777C7C-E33B-441A-9DB5-882F45DB0BED}.Release|Any CPU.ActiveCfg = Release|Any CPU
		{E4777C7C-E33B-441A-9DB5-882F45DB0BED}.Release|Any CPU.Build.0 = Release|Any CPU
		{41EAC712-FEB6-48EC-A02B-5FD517757015}.Debug|Any CPU.ActiveCfg = Debug|Any CPU
		{41EAC712-FEB6-48EC-A02B-5FD517757015}.Debug|Any CPU.Build.0 = Debug|Any CPU
		{41EAC712-FEB6-48EC-A02B-5FD517757015}.Release|Any CPU.ActiveCfg = Release|Any CPU
		{41EAC712-FEB6-48EC-A02B-5FD517757015}.Release|Any CPU.Build.0 = Release|Any CPU
		{DFFD2F72-EA13-4790-BDD7-722290B488BF}.Debug|Any CPU.ActiveCfg = Debug|Any CPU
		{DFFD2F72-EA13-4790-BDD7-722290B488BF}.Debug|Any CPU.Build.0 = Debug|Any CPU
		{DFFD2F72-EA13-4790-BDD7-722290B488BF}.Release|Any CPU.ActiveCfg = Release|Any CPU
		{DFFD2F72-EA13-4790-BDD7-722290B488BF}.Release|Any CPU.Build.0 = Release|Any CPU
		{C0428E66-3324-46C5-8330-2B91E13B4F68}.Debug|Any CPU.ActiveCfg = Debug|Any CPU
		{C0428E66-3324-46C5-8330-2B91E13B4F68}.Debug|Any CPU.Build.0 = Debug|Any CPU
		{C0428E66-3324-46C5-8330-2B91E13B4F68}.Release|Any CPU.ActiveCfg = Release|Any CPU
		{C0428E66-3324-46C5-8330-2B91E13B4F68}.Release|Any CPU.Build.0 = Release|Any CPU
		{686E7FD5-2867-44F4-9E71-D178355F089C}.Debug|Any CPU.ActiveCfg = Debug|Any CPU
		{686E7FD5-2867-44F4-9E71-D178355F089C}.Debug|Any CPU.Build.0 = Debug|Any CPU
		{686E7FD5-2867-44F4-9E71-D178355F089C}.Release|Any CPU.ActiveCfg = Release|Any CPU
		{686E7FD5-2867-44F4-9E71-D178355F089C}.Release|Any CPU.Build.0 = Release|Any CPU
		{BE383C30-4C29-4622-A2DE-D07B07F0ADA3}.Debug|Any CPU.ActiveCfg = Debug|Any CPU
		{BE383C30-4C29-4622-A2DE-D07B07F0ADA3}.Debug|Any CPU.Build.0 = Debug|Any CPU
		{BE383C30-4C29-4622-A2DE-D07B07F0ADA3}.Release|Any CPU.ActiveCfg = Release|Any CPU
		{BE383C30-4C29-4622-A2DE-D07B07F0ADA3}.Release|Any CPU.Build.0 = Release|Any CPU
		{681B9D9E-66E9-489F-B02C-88BB8F653284}.Debug|Any CPU.ActiveCfg = Debug|Any CPU
		{681B9D9E-66E9-489F-B02C-88BB8F653284}.Debug|Any CPU.Build.0 = Debug|Any CPU
		{681B9D9E-66E9-489F-B02C-88BB8F653284}.Release|Any CPU.ActiveCfg = Release|Any CPU
		{681B9D9E-66E9-489F-B02C-88BB8F653284}.Release|Any CPU.Build.0 = Release|Any CPU
		{FA32023D-43C9-429B-A5EA-1C22FC5CCDF6}.Debug|Any CPU.ActiveCfg = Debug|Any CPU
		{FA32023D-43C9-429B-A5EA-1C22FC5CCDF6}.Debug|Any CPU.Build.0 = Debug|Any CPU
		{FA32023D-43C9-429B-A5EA-1C22FC5CCDF6}.Release|Any CPU.ActiveCfg = Release|Any CPU
		{FA32023D-43C9-429B-A5EA-1C22FC5CCDF6}.Release|Any CPU.Build.0 = Release|Any CPU
		{C1DC49A3-89CC-47AE-8CEE-668CB8896D69}.Debug|Any CPU.ActiveCfg = Debug|Any CPU
		{C1DC49A3-89CC-47AE-8CEE-668CB8896D69}.Debug|Any CPU.Build.0 = Debug|Any CPU
		{C1DC49A3-89CC-47AE-8CEE-668CB8896D69}.Release|Any CPU.ActiveCfg = Release|Any CPU
		{C1DC49A3-89CC-47AE-8CEE-668CB8896D69}.Release|Any CPU.Build.0 = Release|Any CPU
		{F3164D96-DA1B-43BB-A47E-68909FD3C26F}.Debug|Any CPU.ActiveCfg = Debug|Any CPU
		{F3164D96-DA1B-43BB-A47E-68909FD3C26F}.Debug|Any CPU.Build.0 = Debug|Any CPU
		{F3164D96-DA1B-43BB-A47E-68909FD3C26F}.Release|Any CPU.ActiveCfg = Release|Any CPU
		{F3164D96-DA1B-43BB-A47E-68909FD3C26F}.Release|Any CPU.Build.0 = Release|Any CPU
	EndGlobalSection
	GlobalSection(SolutionProperties) = preSolution
		HideSolutionNode = FALSE
	EndGlobalSection
	GlobalSection(NestedProjects) = preSolution
		{1524961C-8A83-419B-82E7-EBECA821D962} = {0DF0A6F9-9775-4AF4-83E4-05076A9FCD66}
		{E4777C7C-E33B-441A-9DB5-882F45DB0BED} = {CB4EDF31-6E31-4E8A-B75B-2A10261AE20B}
		{41EAC712-FEB6-48EC-A02B-5FD517757015} = {CB4EDF31-6E31-4E8A-B75B-2A10261AE20B}
		{DFFD2F72-EA13-4790-BDD7-722290B488BF} = {091C8907-AB3F-4D97-BFB6-44F90A7CB8B1}
		{C0428E66-3324-46C5-8330-2B91E13B4F68} = {07CA307B-6E97-4ED5-A686-CCE0C9E041F2}
		{686E7FD5-2867-44F4-9E71-D178355F089C} = {07CA307B-6E97-4ED5-A686-CCE0C9E041F2}
		{BE383C30-4C29-4622-A2DE-D07B07F0ADA3} = {07CA307B-6E97-4ED5-A686-CCE0C9E041F2}
		{681B9D9E-66E9-489F-B02C-88BB8F653284} = {62DCAB63-8658-403E-93FD-49E120F35188}
		{FA32023D-43C9-429B-A5EA-1C22FC5CCDF6} = {CB4EDF31-6E31-4E8A-B75B-2A10261AE20B}
		{C1DC49A3-89CC-47AE-8CEE-668CB8896D69} = {CB4EDF31-6E31-4E8A-B75B-2A10261AE20B}
		{F3164D96-DA1B-43BB-A47E-68909FD3C26F} = {CB4EDF31-6E31-4E8A-B75B-2A10261AE20B}
	EndGlobalSection
	GlobalSection(ExtensibilityGlobals) = postSolution
		SolutionGuid = {DC16412A-DCAF-45CB-B56A-DCB5BF9BEBA5}
	EndGlobalSection
EndGlobal
